
Microsoft Visual Studio Solution File, Format Version 12.00
# Visual Studio Version 16
VisualStudioVersion = 16.0.30128.74
MinimumVisualStudioVersion = 10.0.40219.1
Project("{FAE04EC0-301F-11D3-BF4B-00C04F79EFBC}") = "PowerDiaryChat", "PowerDiaryChat.csproj", "{3EB17E7F-E0C3-4613-A74B-AF793360AEA5}"
EndProject
Project("{FAE04EC0-301F-11D3-BF4B-00C04F79EFBC}") = "PowerDiaryChat.Data", "PowerDiaryChat.Data\PowerDiaryChat.Data.csproj", "{4BBC8151-21B9-4037-B190-D28EA323C4B7}"
EndProject
Project("{FAE04EC0-301F-11D3-BF4B-00C04F79EFBC}") = "PowerDiaryChat.Services", "PowerDiaryChat.Services\PowerDiaryChat.Services.csproj", "{AF1230AA-A670-4521-9FEE-8BCC6B93DE72}"
EndProject
Project("{FAE04EC0-301F-11D3-BF4B-00C04F79EFBC}") = "PowerDiaryChat.DB", "PowerDiaryChat.DB\PowerDiaryChat.DB.csproj", "{65A3FAED-A270-4433-9997-95B7727D0EAA}"
EndProject
Project("{9A19103F-16F7-4668-BE54-9A1E7A4F7556}") = "PowerDiaryChat.Tests", "PowerDiaryChat.Tests\PowerDiaryChat.Tests.csproj", "{975177D3-2ED0-4B79-B3ED-E5EC8FBE916A}"
EndProject
Global
	GlobalSection(SolutionConfigurationPlatforms) = preSolution
		Debug|Any CPU = Debug|Any CPU
		Release|Any CPU = Release|Any CPU
	EndGlobalSection
	GlobalSection(ProjectConfigurationPlatforms) = postSolution
		{3EB17E7F-E0C3-4613-A74B-AF793360AEA5}.Debug|Any CPU.ActiveCfg = Debug|Any CPU
		{3EB17E7F-E0C3-4613-A74B-AF793360AEA5}.Debug|Any CPU.Build.0 = Debug|Any CPU
		{3EB17E7F-E0C3-4613-A74B-AF793360AEA5}.Release|Any CPU.ActiveCfg = Release|Any CPU
		{3EB17E7F-E0C3-4613-A74B-AF793360AEA5}.Release|Any CPU.Build.0 = Release|Any CPU
		{4BBC8151-21B9-4037-B190-D28EA323C4B7}.Debug|Any CPU.ActiveCfg = Debug|Any CPU
		{4BBC8151-21B9-4037-B190-D28EA323C4B7}.Debug|Any CPU.Build.0 = Debug|Any CPU
		{4BBC8151-21B9-4037-B190-D28EA323C4B7}.Release|Any CPU.ActiveCfg = Release|Any CPU
		{4BBC8151-21B9-4037-B190-D28EA323C4B7}.Release|Any CPU.Build.0 = Release|Any CPU
		{AF1230AA-A670-4521-9FEE-8BCC6B93DE72}.Debug|Any CPU.ActiveCfg = Debug|Any CPU
		{AF1230AA-A670-4521-9FEE-8BCC6B93DE72}.Debug|Any CPU.Build.0 = Debug|Any CPU
		{AF1230AA-A670-4521-9FEE-8BCC6B93DE72}.Release|Any CPU.ActiveCfg = Release|Any CPU
		{AF1230AA-A670-4521-9FEE-8BCC6B93DE72}.Release|Any CPU.Build.0 = Release|Any CPU
		{65A3FAED-A270-4433-9997-95B7727D0EAA}.Debug|Any CPU.ActiveCfg = Debug|Any CPU
		{65A3FAED-A270-4433-9997-95B7727D0EAA}.Debug|Any CPU.Build.0 = Debug|Any CPU
		{65A3FAED-A270-4433-9997-95B7727D0EAA}.Release|Any CPU.ActiveCfg = Release|Any CPU
		{65A3FAED-A270-4433-9997-95B7727D0EAA}.Release|Any CPU.Build.0 = Release|Any CPU
		{975177D3-2ED0-4B79-B3ED-E5EC8FBE916A}.Debug|Any CPU.ActiveCfg = Debug|Any CPU
		{975177D3-2ED0-4B79-B3ED-E5EC8FBE916A}.Debug|Any CPU.Build.0 = Debug|Any CPU
		{975177D3-2ED0-4B79-B3ED-E5EC8FBE916A}.Release|Any CPU.ActiveCfg = Release|Any CPU
		{975177D3-2ED0-4B79-B3ED-E5EC8FBE916A}.Release|Any CPU.Build.0 = Release|Any CPU
	EndGlobalSection
	GlobalSection(SolutionProperties) = preSolution
		HideSolutionNode = FALSE
	EndGlobalSection
	GlobalSection(ExtensibilityGlobals) = postSolution
		SolutionGuid = {A8BD53EF-3AD8-4434-9AA0-81D6E041A082}
	EndGlobalSection
EndGlobal
